PODS:
  - awesome_notifications (0.0.1):
    - FlutterMacOS
  - awesome_notifications_core (0.0.1):
    - FlutterMacOS
  - FlutterMacOS (1.0.0)
  - package_info_plus (0.0.1):
    - FlutterMacOS
  - path_provider_foundation (0.0.1):
    - Flutter
    - FlutterMacOS
  - url_launcher_macos (0.0.1):
    - FlutterMacOS
  - video_player_avfoundation (0.0.1):
    - Flutter
    - FlutterMacOS
  - wakelock_plus (0.0.1):
    - FlutterMacOS

DEPENDENCIES:
  - awesome_notifications (from `Flutter/ephemeral/.symlinks/plugins/awesome_notifications/macos`)
  - awesome_notifications_core (from `Flutter/ephemeral/.symlinks/plugins/awesome_notifications_core/macos`)
  - FlutterMacOS (from `Flutter/ephemeral`)
  - package_info_plus (from `Flutter/ephemeral/.symlinks/plugins/package_info_plus/macos`)
  - path_provider_foundation (from `Flutter/ephemeral/.symlinks/plugins/path_provider_foundation/darwin`)
  - url_launcher_macos (from `Flutter/ephemeral/.symlinks/plugins/url_launcher_macos/macos`)
  - video_player_avfoundation (from `Flutter/ephemeral/.symlinks/plugins/video_player_avfoundation/darwin`)
  - wakelock_plus (from `Flutter/ephemeral/.symlinks/plugins/wakelock_plus/macos`)

EXTERNAL SOURCES:
  awesome_notifications:
    :path: Flutter/ephemeral/.symlinks/plugins/awesome_notifications/macos
  awesome_notifications_core:
    :path: Flutter/ephemeral/.symlinks/plugins/awesome_notifications_core/macos
  FlutterMacOS:
    :path: Flutter/ephemeral
  package_info_plus:
    :path: Flutter/ephemeral/.symlinks/plugins/package_info_plus/macos
  path_provider_foundation:
    :path: Flutter/ephemeral/.symlinks/plugins/path_provider_foundation/darwin
  url_launcher_macos:
    :path: Flutter/ephemeral/.symlinks/plugins/url_launcher_macos/macos
  video_player_avfoundation:
    :path: Flutter/ephemeral/.symlinks/plugins/video_player_avfoundation/darwin
  wakelock_plus:
    :path: Flutter/ephemeral/.symlinks/plugins/wakelock_plus/macos

SPEC CHECKSUMS:
  awesome_notifications: 7818a3dbad4836238a68df439c06981d9f0b276c
  awesome_notifications_core: 1c16f7521b1757f6d39121289573aa3801ba0299
  FlutterMacOS: 8f6f14fa908a6fb3fba0cd85dbd81ec4b251fb24
  package_info_plus: 8147fd5037235202932580f35ebe195f7a55e3cd
  path_provider_foundation: 080d55be775b7414fd5a5ef3ac137b97b097e564
  url_launcher_macos: 0fba8ddabfc33ce0a9afe7c5fef5aab3d8d2d673
  video_player_avfoundation: 2cef49524dd1f16c5300b9cd6efd9611ce03639b
  wakelock_plus: 21ddc249ac4b8d018838dbdabd65c5976c308497

PODFILE CHECKSUM: 236401fc2c932af29a9fcf0e97baeeb2d750d367

COCOAPODS: 1.16.2
